
Microsoft Visual Studio Solution File, Format Version 12.00
Project("{FAE04EC0-301F-11D3-BF4B-00C04F79EFBC}") = "MyProjectApplication", "MyProjectApplication\MyProjectApplication.csproj", "{CCC49C18-3A1D-48DF-8B71-C12880D734C3}"
EndProject
Global
	GlobalSection(SolutionConfigurationPlatforms) = preSolution
		Debug|Any CPU = Debug|Any CPU
		Release|Any CPU = Release|Any CPU
	EndGlobalSection
	GlobalSection(ProjectConfigurationPlatforms) = postSolution
		{CCC49C18-3A1D-48DF-8B71-C12880D734C3}.Debug|Any CPU.ActiveCfg = Debug|Any CPU
		{CCC49C18-3A1D-48DF-8B71-C12880D734C3}.Debug|Any CPU.Build.0 = Debug|Any CPU
		{CCC49C18-3A1D-48DF-8B71-C12880D734C3}.Release|Any CPU.ActiveCfg = Release|Any CPU
		{CCC49C18-3A1D-48DF-8B71-C12880D734C3}.Release|Any CPU.Build.0 = Release|Any CPU
	EndGlobalSection
EndGlobal
